{
  "object": {
    "pins": [
      {
        "package": "Hitch",
        "repositoryURL": "https://github.com/KittyMac/Hitch.git",
        "state": {
          "branch": null,
          "revision": "271042ad8fe12eeb2f44dfd8805d06a4b54df24b",
          "version": "0.4.108"
        }
      },
      {
        "package": "Spanker",
        "repositoryURL": "https://github.com/KittyMac/Spanker.git",
        "state": {
          "branch": null,
          "revision": "a186e1113bc484898966bd4262dea080da48abf1",
          "version": "0.2.37"
        }
      }
    ]
  },
  "version": 1
}
