{
  "object": {
    "pins": [
      {
        "package": "Hitch",
        "repositoryURL": "https://github.com/KittyMac/Hitch.git",
        "state": {
          "branch": null,
          "revision": "90065f8f6900b389cbd4d3c73d94d50d172994cd",
          "version": "0.4.111"
        }
      },
      {
        "package": "Spanker",
        "repositoryURL": "https://github.com/KittyMac/Spanker.git",
        "state": {
          "branch": null,
          "revision": "e9067864739180ecea8283bc658dd29b0ed9bd0f",
          "version": "0.2.39"
        }
      }
    ]
  },
  "version": 1
}
